{
  "name": "@combeenation/ts-config",
  "version": "0.0.1",
  "lockfileVersion": 2,
  "requires": true,
  "packages": {
    "": {
      "name": "@combeenation/ts-config",
      "version": "0.0.1",
      "license": "Apache 2.0",
      "devDependencies": {
        "@combeenation/prettier-config": "^0.0.1",
        "prettier": "^2.5.1"
      }
    },
    "node_modules/@combeenation/prettier-config": {
      "version": "0.0.1",
      "resolved": "https://registry.npmjs.org/@combeenation/prettier-config/-/prettier-config-0.0.1.tgz",
      "integrity": "sha512-n2oFgIVgdZ3lLYBwRW/ltWeWU7Y2/iDPgxyZJ+vKHHhv/EF5+djBGGAOCRkO4uc4n2Gfw+0sD3Zg5llvNwv6bg==",
      "dev": true
    },
    "node_modules/prettier": {
      "version": "2.5.1",
      "resolved": "https://registry.npmjs.org/prettier/-/prettier-2.5.1.tgz",
      "integrity": "sha512-vBZcPRUR5MZJwoyi3ZoyQlc1rXeEck8KgeC9AwwOn+exuxLxq5toTRDTSaVrXHxelDMHy9zlicw8u66yxoSUFg==",
      "dev": true,
      "bin": {
        "prettier": "bin-prettier.js"
      },
      "engines": {
        "node": ">=10.13.0"
      }
    }
  },
  "dependencies": {
    "@combeenation/prettier-config": {
      "version": "0.0.1",
      "resolved": "https://registry.npmjs.org/@combeenation/prettier-config/-/prettier-config-0.0.1.tgz",
      "integrity": "sha512-n2oFgIVgdZ3lLYBwRW/ltWeWU7Y2/iDPgxyZJ+vKHHhv/EF5+djBGGAOCRkO4uc4n2Gfw+0sD3Zg5llvNwv6bg==",
      "dev": true
    },
    "prettier": {
      "version": "2.5.1",
      "resolved": "https://registry.npmjs.org/prettier/-/prettier-2.5.1.tgz",
      "integrity": "sha512-vBZcPRUR5MZJwoyi3ZoyQlc1rXeEck8KgeC9AwwOn+exuxLxq5toTRDTSaVrXHxelDMHy9zlicw8u66yxoSUFg==",
      "dev": true
    }
  }
}
